
Microsoft Visual Studio Solution File, Format Version 12.00
# Visual Studio Version 16
VisualStudioVersion = 16.0.28803.156
MinimumVisualStudioVersion = 10.0.40219.1
Project("{9A19103F-16F7-4668-BE54-9A1E7A4F7556}") = "SIS.HTTP", "SIS.HTTP\SIS.HTTP.csproj", "{B0EFD95C-2CC9-4A0D-AC00-97D65BED98DF}"
EndProject
Project("{2150E333-8FDC-42A3-9474-1A3956D46DE8}") = "Apps", "Apps", "{47708129-C3E2-4FE2-8D79-454C78149925}"
EndProject
Project("{2150E333-8FDC-42A3-9474-1A3956D46DE8}") = "IRunes", "IRunes", "{975FA711-98C2-4CAD-8DED-A2FFFB965F9A}"
EndProject
Project("{9A19103F-16F7-4668-BE54-9A1E7A4F7556}") = "IRunes.App", "Apps\IRunes\IRunes.App\IRunes.App.csproj", "{D2D20C9C-66D9-495F-8AC5-D84EDF1DF2C3}"
EndProject
Project("{9A19103F-16F7-4668-BE54-9A1E7A4F7556}") = "IRunes.Data", "Apps\IRunes\IRunes.Data\IRunes.Data.csproj", "{4E01D909-FC34-4B6D-BABB-6F316FB17BA6}"
EndProject
Project("{9A19103F-16F7-4668-BE54-9A1E7A4F7556}") = "IRunes.Models", "Apps\IRunes\IRunes.Models\IRunes.Models.csproj", "{4BE9540E-CDFD-4C0A-868E-BD7C89E317B4}"
EndProject
Project("{9A19103F-16F7-4668-BE54-9A1E7A4F7556}") = "SIS.MvcFramework.Tests", "SIS.MvcFramework.Tests\SIS.MvcFramework.Tests.csproj", "{89E33653-E5F3-4474-A12E-AC4220682C11}"
EndProject
Project("{9A19103F-16F7-4668-BE54-9A1E7A4F7556}") = "IRunes.Services", "Apps\IRunes\IRunes.Services\IRunes.Services.csproj", "{2EC6CA33-9827-4C3D-A6CD-EC6E62128650}"
EndProject
Project("{9A19103F-16F7-4668-BE54-9A1E7A4F7556}") = "SIS.MvcFramework", "SIS.MvcFramework\SIS.MvcFramework.csproj", "{D224C3DB-34C3-4904-8E92-8BAA6A316183}"
EndProject
Project("{2150E333-8FDC-42A3-9474-1A3956D46DE8}") = "Musaca", "Musaca", "{B0AAED45-9EFB-4470-ADCF-66707F7F48FF}"
EndProject
Project("{9A19103F-16F7-4668-BE54-9A1E7A4F7556}") = "Musaca.App", "Apps\Musaca\Musaca.App\Musaca.App.csproj", "{6376B864-E1B4-4107-94B8-97968DEFC183}"
EndProject
Project("{9A19103F-16F7-4668-BE54-9A1E7A4F7556}") = "Musaca.Services", "Apps\Musaca\Musaca.Services\Musaca.Services.csproj", "{42E82291-A786-4A3C-AEBB-FB16642F9F2E}"
EndProject
Project("{9A19103F-16F7-4668-BE54-9A1E7A4F7556}") = "Musaca.Data", "Apps\Musaca\Musaca.Data\Musaca.Data.csproj", "{990C350B-62A4-413B-8FF1-FC92DA3B5AF2}"
EndProject
Project("{9A19103F-16F7-4668-BE54-9A1E7A4F7556}") = "Musaca.Models", "Apps\Musaca\Musaca.Models\Musaca.Models.csproj", "{78EA73C3-C3A7-46C6-ABAE-73FE17EB85E1}"
EndProject
Project("{2150E333-8FDC-42A3-9474-1A3956D46DE8}") = "Panda", "Panda", "{A0586669-3FF9-450F-82A7-6E79C4D71C05}"
EndProject
Project("{9A19103F-16F7-4668-BE54-9A1E7A4F7556}") = "Panda.Web", "Apps\Panda\Panda.Web\Panda.Web.csproj", "{FFEE974A-8D9D-40C7-9B07-33292CB94B00}"
EndProject
Project("{9A19103F-16F7-4668-BE54-9A1E7A4F7556}") = "Panda.Data", "Apps\Panda\Panda.Data\Panda.Data.csproj", "{93572F80-F014-44A8-8205-F3C9D02FDEF8}"
EndProject
Project("{9A19103F-16F7-4668-BE54-9A1E7A4F7556}") = "Panda.Services", "Apps\Panda\Panda.Services\Panda.Services.csproj", "{C5A8F852-97F7-4D8A-BB8B-7BA9E3DA1720}"
EndProject
Project("{2150E333-8FDC-42A3-9474-1A3956D46DE8}") = "PandaRT", "PandaRT", "{1A101433-F0D1-4657-A09C-620BAACE467D}"
EndProject
Project("{9A19103F-16F7-4668-BE54-9A1E7A4F7556}") = "PandaRTE.Web", "PandaRTE\PandaRTE.Web.csproj", "{012C2F24-B05D-49C9-A2F7-3F668450011F}"
EndProject
Project("{9A19103F-16F7-4668-BE54-9A1E7A4F7556}") = "PandaRTE.Data", "PandaRTE.Data\PandaRTE.Data.csproj", "{49AC5BC0-5EA3-4C6B-B690-B207E8AEC540}"
EndProject
Project("{9A19103F-16F7-4668-BE54-9A1E7A4F7556}") = "PandaRTE.Services", "PandaRTE.Services\PandaRTE.Services.csproj", "{6B2C0AFF-CCAA-4CA4-8ED2-91FF8AFB64D8}"
EndProject
Project("{2150E333-8FDC-42A3-9474-1A3956D46DE8}") = "MusacaRT", "MusacaRT", "{CD9B0F3C-D69E-4359-BD05-4C76F76DE0F6}"
EndProject
Project("{9A19103F-16F7-4668-BE54-9A1E7A4F7556}") = "Musaca.AppRT", "MusacaRT\Musaca.AppRT\Musaca.AppRT.csproj", "{B09B69A5-F74C-40E1-B5D0-6FEB691F1B3D}"
EndProject
Project("{9A19103F-16F7-4668-BE54-9A1E7A4F7556}") = "MusacaRT.Services", "MusacaRT.Services\MusacaRT.Services.csproj", "{24D44CDD-DC4D-4CB8-9DC4-9A401912AE34}"
EndProject
Project("{9A19103F-16F7-4668-BE54-9A1E7A4F7556}") = "MusacaRT.Data", "MusacaRT.Data\MusacaRT.Data.csproj", "{76994F66-8B05-4E91-BF57-D73C38BE806F}"
EndProject
Project("{9A19103F-16F7-4668-BE54-9A1E7A4F7556}") = "MusacaRT.Models", "MusacaRT.Model\MusacaRT.Models.csproj", "{F9991F36-C659-4CFB-B548-C8D87FC1B11C}"
EndProject
Project("{2150E333-8FDC-42A3-9474-1A3956D46DE8}") = "MIshMash", "MIshMash", "{222DC8EF-5772-459F-A6D4-B22F5325103D}"
EndProject
Project("{9A19103F-16F7-4668-BE54-9A1E7A4F7556}") = "MishMashWebApp", "MishMash\MishMashWebApp\MishMashWebApp.csproj", "{BA90531E-BDDB-4371-AF02-32EFFDC1E119}"
EndProject
Project("{2150E333-8FDC-42A3-9474-1A3956D46DE8}") = "PandaRTA", "PandaRTA", "{F5507AFB-7E6D-4F81-BC72-0A201789132F}"
EndProject
Project("{9A19103F-16F7-4668-BE54-9A1E7A4F7556}") = "PandaRTA.Web", "Apps\PandaRTA\PandaRTA.Web\PandaRTA.Web.csproj", "{47DC6DFE-3411-49D6-88FD-C74A44D03B62}"
EndProject
Project("{9A19103F-16F7-4668-BE54-9A1E7A4F7556}") = "PandaRTA.Data", "Apps\PandaRTA\PandaRTA.Data\PandaRTA.Data.csproj", "{4D57FF9F-C37F-41BB-91AD-05BF54214CA1}"
EndProject
Project("{9A19103F-16F7-4668-BE54-9A1E7A4F7556}") = "PandaRTA.Serv", "Apps\PandaRTA\PandaRTA.Serv\PandaRTA.Serv.csproj", "{09F4087C-0694-448D-941D-2AD69CA469AD}"
EndProject
Project("{2150E333-8FDC-42A3-9474-1A3956D46DE8}") = "P", "P", "{81CFC045-53D0-499A-849D-DCB74DAFA7B4}"
EndProject
Project("{9A19103F-16F7-4668-BE54-9A1E7A4F7556}") = "P.Web", "Apps\P\P.Web\P.Web.csproj", "{D496313A-4CAB-4621-A54F-9BCEABD672A3}"
EndProject
Project("{9A19103F-16F7-4668-BE54-9A1E7A4F7556}") = "P.Data", "Apps\P\P.Data\P.Data.csproj", "{7567FB9C-1C6F-42E5-9816-B24A0443BED7}"
EndProject
Project("{9A19103F-16F7-4668-BE54-9A1E7A4F7556}") = "P.Services", "Apps\P\P.Services\P.Services.csproj", "{92CAE365-5D66-4513-8D02-A9C32C8C7743}"
EndProject
Project("{2150E333-8FDC-42A3-9474-1A3956D46DE8}") = "Chushka", "Chushka", "{12A02B90-618A-4ABF-97EB-ADC6C0650596}"
EndProject
Project("{9A19103F-16F7-4668-BE54-9A1E7A4F7556}") = "ChushkaWebApp", "Apps\Chushka\ChushkaWebApp\ChushkaWebApp.csproj", "{A21513B5-5DA0-47C6-900D-A096626C8B46}"
EndProject
Project("{2150E333-8FDC-42A3-9474-1A3956D46DE8}") = "M", "M", "{AF65B8C0-AEE1-4E52-85D4-A9AFF6A47951}"
EndProject
Project("{9A19103F-16F7-4668-BE54-9A1E7A4F7556}") = "Musaca.Web", "Apps\Musaca.Web\Musaca.Web.csproj", "{503D3EB7-67C9-4E3F-A0A8-4C2C050B709A}"
EndProject
Project("{9A19103F-16F7-4668-BE54-9A1E7A4F7556}") = "Musaca.Data1", "Apps\Musaca.Data1\Musaca.Data1.csproj", "{503E3EF1-4E4F-441D-A86F-86A5907F1A9D}"
EndProject
Project("{9A19103F-16F7-4668-BE54-9A1E7A4F7556}") = "Musaca.Services1", "Apps\Musaca.Services1\Musaca.Services1.csproj", "{992D49D4-394B-4D01-9956-5BFA13A1F2DE}"
EndProject
Project("{2150E333-8FDC-42A3-9474-1A3956D46DE8}") = "FDMC", "FDMC", "{FCFCA3EE-B21E-47AD-A400-38C862D62F00}"
EndProject
Project("{FAE04EC0-301F-11D3-BF4B-00C04F79EFBC}") = "FDMC.App", "FDMC\FDMC.App\FDMC.App.csproj", "{3E7AF45E-0C1B-4215-9885-D13119AC7AC8}"
EndProject
Project("{FAE04EC0-301F-11D3-BF4B-00C04F79EFBC}") = "FDMC.Data", "FDMC\FDMC.Data\FDMC.Data.csproj", "{47358B0E-9D51-4E4E-8F4C-1AF0A394B361}"
EndProject
Project("{FAE04EC0-301F-11D3-BF4B-00C04F79EFBC}") = "FDMC.Services", "FDMC\FDMC.Services\FDMC.Services.csproj", "{4AF42CA1-2EC7-407E-822F-8166833F4D22}"
EndProject
Global
	GlobalSection(SolutionConfigurationPlatforms) = preSolution
		Debug|Any CPU = Debug|Any CPU
		Release|Any CPU = Release|Any CPU
	EndGlobalSection
	GlobalSection(ProjectConfigurationPlatforms) = postSolution
		{B0EFD95C-2CC9-4A0D-AC00-97D65BED98DF}.Debug|Any CPU.ActiveCfg = Debug|Any CPU
		{B0EFD95C-2CC9-4A0D-AC00-97D65BED98DF}.Debug|Any CPU.Build.0 = Debug|Any CPU
		{B0EFD95C-2CC9-4A0D-AC00-97D65BED98DF}.Release|Any CPU.ActiveCfg = Release|Any CPU
		{B0EFD95C-2CC9-4A0D-AC00-97D65BED98DF}.Release|Any CPU.Build.0 = Release|Any CPU
		{D2D20C9C-66D9-495F-8AC5-D84EDF1DF2C3}.Debug|Any CPU.ActiveCfg = Debug|Any CPU
		{D2D20C9C-66D9-495F-8AC5-D84EDF1DF2C3}.Debug|Any CPU.Build.0 = Debug|Any CPU
		{D2D20C9C-66D9-495F-8AC5-D84EDF1DF2C3}.Release|Any CPU.ActiveCfg = Release|Any CPU
		{D2D20C9C-66D9-495F-8AC5-D84EDF1DF2C3}.Release|Any CPU.Build.0 = Release|Any CPU
		{4E01D909-FC34-4B6D-BABB-6F316FB17BA6}.Debug|Any CPU.ActiveCfg = Debug|Any CPU
		{4E01D909-FC34-4B6D-BABB-6F316FB17BA6}.Debug|Any CPU.Build.0 = Debug|Any CPU
		{4E01D909-FC34-4B6D-BABB-6F316FB17BA6}.Release|Any CPU.ActiveCfg = Release|Any CPU
		{4E01D909-FC34-4B6D-BABB-6F316FB17BA6}.Release|Any CPU.Build.0 = Release|Any CPU
		{4BE9540E-CDFD-4C0A-868E-BD7C89E317B4}.Debug|Any CPU.ActiveCfg = Debug|Any CPU
		{4BE9540E-CDFD-4C0A-868E-BD7C89E317B4}.Debug|Any CPU.Build.0 = Debug|Any CPU
		{4BE9540E-CDFD-4C0A-868E-BD7C89E317B4}.Release|Any CPU.ActiveCfg = Release|Any CPU
		{4BE9540E-CDFD-4C0A-868E-BD7C89E317B4}.Release|Any CPU.Build.0 = Release|Any CPU
		{89E33653-E5F3-4474-A12E-AC4220682C11}.Debug|Any CPU.ActiveCfg = Debug|Any CPU
		{89E33653-E5F3-4474-A12E-AC4220682C11}.Debug|Any CPU.Build.0 = Debug|Any CPU
		{89E33653-E5F3-4474-A12E-AC4220682C11}.Release|Any CPU.ActiveCfg = Release|Any CPU
		{89E33653-E5F3-4474-A12E-AC4220682C11}.Release|Any CPU.Build.0 = Release|Any CPU
		{2EC6CA33-9827-4C3D-A6CD-EC6E62128650}.Debug|Any CPU.ActiveCfg = Debug|Any CPU
		{2EC6CA33-9827-4C3D-A6CD-EC6E62128650}.Debug|Any CPU.Build.0 = Debug|Any CPU
		{2EC6CA33-9827-4C3D-A6CD-EC6E62128650}.Release|Any CPU.ActiveCfg = Release|Any CPU
		{2EC6CA33-9827-4C3D-A6CD-EC6E62128650}.Release|Any CPU.Build.0 = Release|Any CPU
		{D224C3DB-34C3-4904-8E92-8BAA6A316183}.Debug|Any CPU.ActiveCfg = Debug|Any CPU
		{D224C3DB-34C3-4904-8E92-8BAA6A316183}.Debug|Any CPU.Build.0 = Debug|Any CPU
		{D224C3DB-34C3-4904-8E92-8BAA6A316183}.Release|Any CPU.ActiveCfg = Release|Any CPU
		{D224C3DB-34C3-4904-8E92-8BAA6A316183}.Release|Any CPU.Build.0 = Release|Any CPU
		{6376B864-E1B4-4107-94B8-97968DEFC183}.Debug|Any CPU.ActiveCfg = Debug|Any CPU
		{6376B864-E1B4-4107-94B8-97968DEFC183}.Debug|Any CPU.Build.0 = Debug|Any CPU
		{6376B864-E1B4-4107-94B8-97968DEFC183}.Release|Any CPU.ActiveCfg = Release|Any CPU
		{6376B864-E1B4-4107-94B8-97968DEFC183}.Release|Any CPU.Build.0 = Release|Any CPU
		{42E82291-A786-4A3C-AEBB-FB16642F9F2E}.Debug|Any CPU.ActiveCfg = Debug|Any CPU
		{42E82291-A786-4A3C-AEBB-FB16642F9F2E}.Debug|Any CPU.Build.0 = Debug|Any CPU
		{42E82291-A786-4A3C-AEBB-FB16642F9F2E}.Release|Any CPU.ActiveCfg = Release|Any CPU
		{42E82291-A786-4A3C-AEBB-FB16642F9F2E}.Release|Any CPU.Build.0 = Release|Any CPU
		{990C350B-62A4-413B-8FF1-FC92DA3B5AF2}.Debug|Any CPU.ActiveCfg = Debug|Any CPU
		{990C350B-62A4-413B-8FF1-FC92DA3B5AF2}.Debug|Any CPU.Build.0 = Debug|Any CPU
		{990C350B-62A4-413B-8FF1-FC92DA3B5AF2}.Release|Any CPU.ActiveCfg = Release|Any CPU
		{990C350B-62A4-413B-8FF1-FC92DA3B5AF2}.Release|Any CPU.Build.0 = Release|Any CPU
		{78EA73C3-C3A7-46C6-ABAE-73FE17EB85E1}.Debug|Any CPU.ActiveCfg = Debug|Any CPU
		{78EA73C3-C3A7-46C6-ABAE-73FE17EB85E1}.Debug|Any CPU.Build.0 = Debug|Any CPU
		{78EA73C3-C3A7-46C6-ABAE-73FE17EB85E1}.Release|Any CPU.ActiveCfg = Release|Any CPU
		{78EA73C3-C3A7-46C6-ABAE-73FE17EB85E1}.Release|Any CPU.Build.0 = Release|Any CPU
		{FFEE974A-8D9D-40C7-9B07-33292CB94B00}.Debug|Any CPU.ActiveCfg = Debug|Any CPU
		{FFEE974A-8D9D-40C7-9B07-33292CB94B00}.Debug|Any CPU.Build.0 = Debug|Any CPU
		{FFEE974A-8D9D-40C7-9B07-33292CB94B00}.Release|Any CPU.ActiveCfg = Release|Any CPU
		{FFEE974A-8D9D-40C7-9B07-33292CB94B00}.Release|Any CPU.Build.0 = Release|Any CPU
		{93572F80-F014-44A8-8205-F3C9D02FDEF8}.Debug|Any CPU.ActiveCfg = Debug|Any CPU
		{93572F80-F014-44A8-8205-F3C9D02FDEF8}.Debug|Any CPU.Build.0 = Debug|Any CPU
		{93572F80-F014-44A8-8205-F3C9D02FDEF8}.Release|Any CPU.ActiveCfg = Release|Any CPU
		{93572F80-F014-44A8-8205-F3C9D02FDEF8}.Release|Any CPU.Build.0 = Release|Any CPU
		{C5A8F852-97F7-4D8A-BB8B-7BA9E3DA1720}.Debug|Any CPU.ActiveCfg = Debug|Any CPU
		{C5A8F852-97F7-4D8A-BB8B-7BA9E3DA1720}.Debug|Any CPU.Build.0 = Debug|Any CPU
		{C5A8F852-97F7-4D8A-BB8B-7BA9E3DA1720}.Release|Any CPU.ActiveCfg = Release|Any CPU
		{C5A8F852-97F7-4D8A-BB8B-7BA9E3DA1720}.Release|Any CPU.Build.0 = Release|Any CPU
		{012C2F24-B05D-49C9-A2F7-3F668450011F}.Debug|Any CPU.ActiveCfg = Debug|Any CPU
		{012C2F24-B05D-49C9-A2F7-3F668450011F}.Debug|Any CPU.Build.0 = Debug|Any CPU
		{012C2F24-B05D-49C9-A2F7-3F668450011F}.Release|Any CPU.ActiveCfg = Release|Any CPU
		{012C2F24-B05D-49C9-A2F7-3F668450011F}.Release|Any CPU.Build.0 = Release|Any CPU
		{49AC5BC0-5EA3-4C6B-B690-B207E8AEC540}.Debug|Any CPU.ActiveCfg = Debug|Any CPU
		{49AC5BC0-5EA3-4C6B-B690-B207E8AEC540}.Debug|Any CPU.Build.0 = Debug|Any CPU
		{49AC5BC0-5EA3-4C6B-B690-B207E8AEC540}.Release|Any CPU.ActiveCfg = Release|Any CPU
		{49AC5BC0-5EA3-4C6B-B690-B207E8AEC540}.Release|Any CPU.Build.0 = Release|Any CPU
		{6B2C0AFF-CCAA-4CA4-8ED2-91FF8AFB64D8}.Debug|Any CPU.ActiveCfg = Debug|Any CPU
		{6B2C0AFF-CCAA-4CA4-8ED2-91FF8AFB64D8}.Debug|Any CPU.Build.0 = Debug|Any CPU
		{6B2C0AFF-CCAA-4CA4-8ED2-91FF8AFB64D8}.Release|Any CPU.ActiveCfg = Release|Any CPU
		{6B2C0AFF-CCAA-4CA4-8ED2-91FF8AFB64D8}.Release|Any CPU.Build.0 = Release|Any CPU
		{B09B69A5-F74C-40E1-B5D0-6FEB691F1B3D}.Debug|Any CPU.ActiveCfg = Debug|Any CPU
		{B09B69A5-F74C-40E1-B5D0-6FEB691F1B3D}.Debug|Any CPU.Build.0 = Debug|Any CPU
		{B09B69A5-F74C-40E1-B5D0-6FEB691F1B3D}.Release|Any CPU.ActiveCfg = Release|Any CPU
		{B09B69A5-F74C-40E1-B5D0-6FEB691F1B3D}.Release|Any CPU.Build.0 = Release|Any CPU
		{24D44CDD-DC4D-4CB8-9DC4-9A401912AE34}.Debug|Any CPU.ActiveCfg = Debug|Any CPU
		{24D44CDD-DC4D-4CB8-9DC4-9A401912AE34}.Debug|Any CPU.Build.0 = Debug|Any CPU
		{24D44CDD-DC4D-4CB8-9DC4-9A401912AE34}.Release|Any CPU.ActiveCfg = Release|Any CPU
		{24D44CDD-DC4D-4CB8-9DC4-9A401912AE34}.Release|Any CPU.Build.0 = Release|Any CPU
		{76994F66-8B05-4E91-BF57-D73C38BE806F}.Debug|Any CPU.ActiveCfg = Debug|Any CPU
		{76994F66-8B05-4E91-BF57-D73C38BE806F}.Debug|Any CPU.Build.0 = Debug|Any CPU
		{76994F66-8B05-4E91-BF57-D73C38BE806F}.Release|Any CPU.ActiveCfg = Release|Any CPU
		{76994F66-8B05-4E91-BF57-D73C38BE806F}.Release|Any CPU.Build.0 = Release|Any CPU
		{F9991F36-C659-4CFB-B548-C8D87FC1B11C}.Debug|Any CPU.ActiveCfg = Debug|Any CPU
		{F9991F36-C659-4CFB-B548-C8D87FC1B11C}.Debug|Any CPU.Build.0 = Debug|Any CPU
		{F9991F36-C659-4CFB-B548-C8D87FC1B11C}.Release|Any CPU.ActiveCfg = Release|Any CPU
		{F9991F36-C659-4CFB-B548-C8D87FC1B11C}.Release|Any CPU.Build.0 = Release|Any CPU
		{BA90531E-BDDB-4371-AF02-32EFFDC1E119}.Debug|Any CPU.ActiveCfg = Debug|Any CPU
		{BA90531E-BDDB-4371-AF02-32EFFDC1E119}.Debug|Any CPU.Build.0 = Debug|Any CPU
		{BA90531E-BDDB-4371-AF02-32EFFDC1E119}.Release|Any CPU.ActiveCfg = Release|Any CPU
		{BA90531E-BDDB-4371-AF02-32EFFDC1E119}.Release|Any CPU.Build.0 = Release|Any CPU
		{47DC6DFE-3411-49D6-88FD-C74A44D03B62}.Debug|Any CPU.ActiveCfg = Debug|Any CPU
		{47DC6DFE-3411-49D6-88FD-C74A44D03B62}.Debug|Any CPU.Build.0 = Debug|Any CPU
		{47DC6DFE-3411-49D6-88FD-C74A44D03B62}.Release|Any CPU.ActiveCfg = Release|Any CPU
		{47DC6DFE-3411-49D6-88FD-C74A44D03B62}.Release|Any CPU.Build.0 = Release|Any CPU
		{4D57FF9F-C37F-41BB-91AD-05BF54214CA1}.Debug|Any CPU.ActiveCfg = Debug|Any CPU
		{4D57FF9F-C37F-41BB-91AD-05BF54214CA1}.Debug|Any CPU.Build.0 = Debug|Any CPU
		{4D57FF9F-C37F-41BB-91AD-05BF54214CA1}.Release|Any CPU.ActiveCfg = Release|Any CPU
		{4D57FF9F-C37F-41BB-91AD-05BF54214CA1}.Release|Any CPU.Build.0 = Release|Any CPU
		{09F4087C-0694-448D-941D-2AD69CA469AD}.Debug|Any CPU.ActiveCfg = Debug|Any CPU
		{09F4087C-0694-448D-941D-2AD69CA469AD}.Debug|Any CPU.Build.0 = Debug|Any CPU
		{09F4087C-0694-448D-941D-2AD69CA469AD}.Release|Any CPU.ActiveCfg = Release|Any CPU
		{09F4087C-0694-448D-941D-2AD69CA469AD}.Release|Any CPU.Build.0 = Release|Any CPU
		{D496313A-4CAB-4621-A54F-9BCEABD672A3}.Debug|Any CPU.ActiveCfg = Debug|Any CPU
		{D496313A-4CAB-4621-A54F-9BCEABD672A3}.Debug|Any CPU.Build.0 = Debug|Any CPU
		{D496313A-4CAB-4621-A54F-9BCEABD672A3}.Release|Any CPU.ActiveCfg = Release|Any CPU
		{D496313A-4CAB-4621-A54F-9BCEABD672A3}.Release|Any CPU.Build.0 = Release|Any CPU
		{7567FB9C-1C6F-42E5-9816-B24A0443BED7}.Debug|Any CPU.ActiveCfg = Debug|Any CPU
		{7567FB9C-1C6F-42E5-9816-B24A0443BED7}.Debug|Any CPU.Build.0 = Debug|Any CPU
		{7567FB9C-1C6F-42E5-9816-B24A0443BED7}.Release|Any CPU.ActiveCfg = Release|Any CPU
		{7567FB9C-1C6F-42E5-9816-B24A0443BED7}.Release|Any CPU.Build.0 = Release|Any CPU
		{92CAE365-5D66-4513-8D02-A9C32C8C7743}.Debug|Any CPU.ActiveCfg = Debug|Any CPU
		{92CAE365-5D66-4513-8D02-A9C32C8C7743}.Debug|Any CPU.Build.0 = Debug|Any CPU
		{92CAE365-5D66-4513-8D02-A9C32C8C7743}.Release|Any CPU.ActiveCfg = Release|Any CPU
		{92CAE365-5D66-4513-8D02-A9C32C8C7743}.Release|Any CPU.Build.0 = Release|Any CPU
		{A21513B5-5DA0-47C6-900D-A096626C8B46}.Debug|Any CPU.ActiveCfg = Debug|Any CPU
		{A21513B5-5DA0-47C6-900D-A096626C8B46}.Debug|Any CPU.Build.0 = Debug|Any CPU
		{A21513B5-5DA0-47C6-900D-A096626C8B46}.Release|Any CPU.ActiveCfg = Release|Any CPU
		{A21513B5-5DA0-47C6-900D-A096626C8B46}.Release|Any CPU.Build.0 = Release|Any CPU
		{503D3EB7-67C9-4E3F-A0A8-4C2C050B709A}.Debug|Any CPU.ActiveCfg = Debug|Any CPU
		{503D3EB7-67C9-4E3F-A0A8-4C2C050B709A}.Debug|Any CPU.Build.0 = Debug|Any CPU
		{503D3EB7-67C9-4E3F-A0A8-4C2C050B709A}.Release|Any CPU.ActiveCfg = Release|Any CPU
		{503D3EB7-67C9-4E3F-A0A8-4C2C050B709A}.Release|Any CPU.Build.0 = Release|Any CPU
		{503E3EF1-4E4F-441D-A86F-86A5907F1A9D}.Debug|Any CPU.ActiveCfg = Debug|Any CPU
		{503E3EF1-4E4F-441D-A86F-86A5907F1A9D}.Debug|Any CPU.Build.0 = Debug|Any CPU
		{503E3EF1-4E4F-441D-A86F-86A5907F1A9D}.Release|Any CPU.ActiveCfg = Release|Any CPU
		{503E3EF1-4E4F-441D-A86F-86A5907F1A9D}.Release|Any CPU.Build.0 = Release|Any CPU
		{992D49D4-394B-4D01-9956-5BFA13A1F2DE}.Debug|Any CPU.ActiveCfg = Debug|Any CPU
		{992D49D4-394B-4D01-9956-5BFA13A1F2DE}.Debug|Any CPU.Build.0 = Debug|Any CPU
		{992D49D4-394B-4D01-9956-5BFA13A1F2DE}.Release|Any CPU.ActiveCfg = Release|Any CPU
		{992D49D4-394B-4D01-9956-5BFA13A1F2DE}.Release|Any CPU.Build.0 = Release|Any CPU
		{3E7AF45E-0C1B-4215-9885-D13119AC7AC8}.Debug|Any CPU.ActiveCfg = Debug|Any CPU
		{3E7AF45E-0C1B-4215-9885-D13119AC7AC8}.Debug|Any CPU.Build.0 = Debug|Any CPU
		{3E7AF45E-0C1B-4215-9885-D13119AC7AC8}.Release|Any CPU.ActiveCfg = Release|Any CPU
		{3E7AF45E-0C1B-4215-9885-D13119AC7AC8}.Release|Any CPU.Build.0 = Release|Any CPU
		{47358B0E-9D51-4E4E-8F4C-1AF0A394B361}.Debug|Any CPU.ActiveCfg = Debug|Any CPU
		{47358B0E-9D51-4E4E-8F4C-1AF0A394B361}.Debug|Any CPU.Build.0 = Debug|Any CPU
		{47358B0E-9D51-4E4E-8F4C-1AF0A394B361}.Release|Any CPU.ActiveCfg = Release|Any CPU
		{47358B0E-9D51-4E4E-8F4C-1AF0A394B361}.Release|Any CPU.Build.0 = Release|Any CPU
		{4AF42CA1-2EC7-407E-822F-8166833F4D22}.Debug|Any CPU.ActiveCfg = Debug|Any CPU
		{4AF42CA1-2EC7-407E-822F-8166833F4D22}.Debug|Any CPU.Build.0 = Debug|Any CPU
		{4AF42CA1-2EC7-407E-822F-8166833F4D22}.Release|Any CPU.ActiveCfg = Release|Any CPU
		{4AF42CA1-2EC7-407E-822F-8166833F4D22}.Release|Any CPU.Build.0 = Release|Any CPU
	EndGlobalSection
	GlobalSection(SolutionProperties) = preSolution
		HideSolutionNode = FALSE
	EndGlobalSection
	GlobalSection(NestedProjects) = preSolution
		{975FA711-98C2-4CAD-8DED-A2FFFB965F9A} = {47708129-C3E2-4FE2-8D79-454C78149925}
		{D2D20C9C-66D9-495F-8AC5-D84EDF1DF2C3} = {975FA711-98C2-4CAD-8DED-A2FFFB965F9A}
		{4E01D909-FC34-4B6D-BABB-6F316FB17BA6} = {975FA711-98C2-4CAD-8DED-A2FFFB965F9A}
		{4BE9540E-CDFD-4C0A-868E-BD7C89E317B4} = {975FA711-98C2-4CAD-8DED-A2FFFB965F9A}
		{2EC6CA33-9827-4C3D-A6CD-EC6E62128650} = {975FA711-98C2-4CAD-8DED-A2FFFB965F9A}
		{B0AAED45-9EFB-4470-ADCF-66707F7F48FF} = {47708129-C3E2-4FE2-8D79-454C78149925}
		{6376B864-E1B4-4107-94B8-97968DEFC183} = {B0AAED45-9EFB-4470-ADCF-66707F7F48FF}
		{42E82291-A786-4A3C-AEBB-FB16642F9F2E} = {B0AAED45-9EFB-4470-ADCF-66707F7F48FF}
		{990C350B-62A4-413B-8FF1-FC92DA3B5AF2} = {B0AAED45-9EFB-4470-ADCF-66707F7F48FF}
		{78EA73C3-C3A7-46C6-ABAE-73FE17EB85E1} = {B0AAED45-9EFB-4470-ADCF-66707F7F48FF}
		{A0586669-3FF9-450F-82A7-6E79C4D71C05} = {47708129-C3E2-4FE2-8D79-454C78149925}
		{FFEE974A-8D9D-40C7-9B07-33292CB94B00} = {A0586669-3FF9-450F-82A7-6E79C4D71C05}
		{93572F80-F014-44A8-8205-F3C9D02FDEF8} = {A0586669-3FF9-450F-82A7-6E79C4D71C05}
		{C5A8F852-97F7-4D8A-BB8B-7BA9E3DA1720} = {A0586669-3FF9-450F-82A7-6E79C4D71C05}
		{1A101433-F0D1-4657-A09C-620BAACE467D} = {47708129-C3E2-4FE2-8D79-454C78149925}
		{012C2F24-B05D-49C9-A2F7-3F668450011F} = {1A101433-F0D1-4657-A09C-620BAACE467D}
		{49AC5BC0-5EA3-4C6B-B690-B207E8AEC540} = {1A101433-F0D1-4657-A09C-620BAACE467D}
		{6B2C0AFF-CCAA-4CA4-8ED2-91FF8AFB64D8} = {1A101433-F0D1-4657-A09C-620BAACE467D}
		{CD9B0F3C-D69E-4359-BD05-4C76F76DE0F6} = {47708129-C3E2-4FE2-8D79-454C78149925}
		{B09B69A5-F74C-40E1-B5D0-6FEB691F1B3D} = {CD9B0F3C-D69E-4359-BD05-4C76F76DE0F6}
		{24D44CDD-DC4D-4CB8-9DC4-9A401912AE34} = {CD9B0F3C-D69E-4359-BD05-4C76F76DE0F6}
		{76994F66-8B05-4E91-BF57-D73C38BE806F} = {CD9B0F3C-D69E-4359-BD05-4C76F76DE0F6}
		{F9991F36-C659-4CFB-B548-C8D87FC1B11C} = {CD9B0F3C-D69E-4359-BD05-4C76F76DE0F6}
		{222DC8EF-5772-459F-A6D4-B22F5325103D} = {47708129-C3E2-4FE2-8D79-454C78149925}
		{BA90531E-BDDB-4371-AF02-32EFFDC1E119} = {222DC8EF-5772-459F-A6D4-B22F5325103D}
		{F5507AFB-7E6D-4F81-BC72-0A201789132F} = {47708129-C3E2-4FE2-8D79-454C78149925}
		{47DC6DFE-3411-49D6-88FD-C74A44D03B62} = {F5507AFB-7E6D-4F81-BC72-0A201789132F}
		{4D57FF9F-C37F-41BB-91AD-05BF54214CA1} = {F5507AFB-7E6D-4F81-BC72-0A201789132F}
		{09F4087C-0694-448D-941D-2AD69CA469AD} = {F5507AFB-7E6D-4F81-BC72-0A201789132F}
		{81CFC045-53D0-499A-849D-DCB74DAFA7B4} = {47708129-C3E2-4FE2-8D79-454C78149925}
		{D496313A-4CAB-4621-A54F-9BCEABD672A3} = {81CFC045-53D0-499A-849D-DCB74DAFA7B4}
		{7567FB9C-1C6F-42E5-9816-B24A0443BED7} = {81CFC045-53D0-499A-849D-DCB74DAFA7B4}
		{92CAE365-5D66-4513-8D02-A9C32C8C7743} = {81CFC045-53D0-499A-849D-DCB74DAFA7B4}
		{12A02B90-618A-4ABF-97EB-ADC6C0650596} = {47708129-C3E2-4FE2-8D79-454C78149925}
		{A21513B5-5DA0-47C6-900D-A096626C8B46} = {12A02B90-618A-4ABF-97EB-ADC6C0650596}
		{AF65B8C0-AEE1-4E52-85D4-A9AFF6A47951} = {47708129-C3E2-4FE2-8D79-454C78149925}
		{503D3EB7-67C9-4E3F-A0A8-4C2C050B709A} = {AF65B8C0-AEE1-4E52-85D4-A9AFF6A47951}
		{503E3EF1-4E4F-441D-A86F-86A5907F1A9D} = {AF65B8C0-AEE1-4E52-85D4-A9AFF6A47951}
		{992D49D4-394B-4D01-9956-5BFA13A1F2DE} = {AF65B8C0-AEE1-4E52-85D4-A9AFF6A47951}
		{FCFCA3EE-B21E-47AD-A400-38C862D62F00} = {47708129-C3E2-4FE2-8D79-454C78149925}
		{3E7AF45E-0C1B-4215-9885-D13119AC7AC8} = {FCFCA3EE-B21E-47AD-A400-38C862D62F00}
		{47358B0E-9D51-4E4E-8F4C-1AF0A394B361} = {FCFCA3EE-B21E-47AD-A400-38C862D62F00}
		{4AF42CA1-2EC7-407E-822F-8166833F4D22} = {FCFCA3EE-B21E-47AD-A400-38C862D62F00}
	EndGlobalSection
	GlobalSection(ExtensibilityGlobals) = postSolution
		SolutionGuid = {95749778-C448-4913-B813-04C78D964222}
	EndGlobalSection
EndGlobal
